
Microsoft Visual Studio Solution File, Format Version 12.00
# Visual Studio Version 17
VisualStudioVersion = 17.0.31903.59
MinimumVisualStudioVersion = 10.0.40219.1
Project("{2150E333-8FDC-42A3-9474-1A3956D46DE8}") = "Bootstrapper", "Bootstrapper", "{21B8DD4F-9AC0-4E1E-9274-3C20F30A0AB6}"
EndProject
Project("{2150E333-8FDC-42A3-9474-1A3956D46DE8}") = "Modules", "Modules", "{8FE36A98-1CDA-47D3-87E0-A66CBFD03615}"
EndProject
Project("{2150E333-8FDC-42A3-9474-1A3956D46DE8}") = "Shared", "Shared", "{BD19ABE5-B830-4E40-AA9D-55EF6AC873D5}"
EndProject
Project("{FAE04EC0-301F-11D3-BF4B-00C04F79EFBC}") = "Api", "Bootstrapper\Api\Api.csproj", "{242892AE-205B-4BFC-8305-4DED82930B50}"
EndProject
Project("{2150E333-8FDC-42A3-9474-1A3956D46DE8}") = "Basket", "Basket", "{568C8ED2-03A3-4082-996C-07C46FD0D117}"
EndProject
Project("{2150E333-8FDC-42A3-9474-1A3956D46DE8}") = "Catalog", "Catalog", "{488ABCC2-F89A-4055-BB69-F12F38719C08}"
EndProject
Project("{2150E333-8FDC-42A3-9474-1A3956D46DE8}") = "Ordering", "Ordering", "{74A8F8D1-7BD9-4797-B786-EDD06B49A662}"
EndProject
Project("{FAE04EC0-301F-11D3-BF4B-00C04F79EFBC}") = "Catalog", "Modules\Catalog\Catalog\Catalog.csproj", "{398BEC52-A204-40BD-BC7A-ABF2CCF98406}"
EndProject
Project("{FAE04EC0-301F-11D3-BF4B-00C04F79EFBC}") = "Basket", "Modules\Basket\Basket\Basket.csproj", "{585B9789-4EF4-4EFC-B605-8BE8D2CC091E}"
EndProject
Project("{FAE04EC0-301F-11D3-BF4B-00C04F79EFBC}") = "Ordering", "Modules\Ordering\Ordering\Ordering.csproj", "{746C2DE0-9EDA-4162-AC18-3077BED23EFD}"
EndProject
Project("{FAE04EC0-301F-11D3-BF4B-00C04F79EFBC}") = "Shared", "Shared\Shared\Shared.csproj", "{6EC4BE05-6E68-424B-BADB-C7E4F61B5810}"
EndProject
Project("{2150E333-8FDC-42A3-9474-1A3956D46DE8}") = "Solution Items", "Solution Items", "{3304DDC8-DB60-4010-ACDC-C5DC95E0D42A}"
	ProjectSection(SolutionItems) = preProject
		compose.yaml = compose.yaml
		compose.override.yaml = compose.override.yaml
	EndProjectSection
EndProject
Global
	GlobalSection(SolutionConfigurationPlatforms) = preSolution
		Debug|Any CPU = Debug|Any CPU
		Release|Any CPU = Release|Any CPU
	EndGlobalSection
	GlobalSection(SolutionProperties) = preSolution
		HideSolutionNode = FALSE
	EndGlobalSection
	GlobalSection(NestedProjects) = preSolution
		{242892AE-205B-4BFC-8305-4DED82930B50} = {21B8DD4F-9AC0-4E1E-9274-3C20F30A0AB6}
		{568C8ED2-03A3-4082-996C-07C46FD0D117} = {8FE36A98-1CDA-47D3-87E0-A66CBFD03615}
		{488ABCC2-F89A-4055-BB69-F12F38719C08} = {8FE36A98-1CDA-47D3-87E0-A66CBFD03615}
		{74A8F8D1-7BD9-4797-B786-EDD06B49A662} = {8FE36A98-1CDA-47D3-87E0-A66CBFD03615}
		{398BEC52-A204-40BD-BC7A-ABF2CCF98406} = {488ABCC2-F89A-4055-BB69-F12F38719C08}
		{585B9789-4EF4-4EFC-B605-8BE8D2CC091E} = {568C8ED2-03A3-4082-996C-07C46FD0D117}
		{746C2DE0-9EDA-4162-AC18-3077BED23EFD} = {74A8F8D1-7BD9-4797-B786-EDD06B49A662}
		{6EC4BE05-6E68-424B-BADB-C7E4F61B5810} = {BD19ABE5-B830-4E40-AA9D-55EF6AC873D5}
	EndGlobalSection
	GlobalSection(ProjectConfigurationPlatforms) = postSolution
		{242892AE-205B-4BFC-8305-4DED82930B50}.Debug|Any CPU.ActiveCfg = Debug|Any CPU
		{242892AE-205B-4BFC-8305-4DED82930B50}.Debug|Any CPU.Build.0 = Debug|Any CPU
		{242892AE-205B-4BFC-8305-4DED82930B50}.Release|Any CPU.ActiveCfg = Release|Any CPU
		{242892AE-205B-4BFC-8305-4DED82930B50}.Release|Any CPU.Build.0 = Release|Any CPU
		{398BEC52-A204-40BD-BC7A-ABF2CCF98406}.Debug|Any CPU.ActiveCfg = Debug|Any CPU
		{398BEC52-A204-40BD-BC7A-ABF2CCF98406}.Debug|Any CPU.Build.0 = Debug|Any CPU
		{398BEC52-A204-40BD-BC7A-ABF2CCF98406}.Release|Any CPU.ActiveCfg = Release|Any CPU
		{398BEC52-A204-40BD-BC7A-ABF2CCF98406}.Release|Any CPU.Build.0 = Release|Any CPU
		{585B9789-4EF4-4EFC-B605-8BE8D2CC091E}.Debug|Any CPU.ActiveCfg = Debug|Any CPU
		{585B9789-4EF4-4EFC-B605-8BE8D2CC091E}.Debug|Any CPU.Build.0 = Debug|Any CPU
		{585B9789-4EF4-4EFC-B605-8BE8D2CC091E}.Release|Any CPU.ActiveCfg = Release|Any CPU
		{585B9789-4EF4-4EFC-B605-8BE8D2CC091E}.Release|Any CPU.Build.0 = Release|Any CPU
		{746C2DE0-9EDA-4162-AC18-3077BED23EFD}.Debug|Any CPU.ActiveCfg = Debug|Any CPU
		{746C2DE0-9EDA-4162-AC18-3077BED23EFD}.Debug|Any CPU.Build.0 = Debug|Any CPU
		{746C2DE0-9EDA-4162-AC18-3077BED23EFD}.Release|Any CPU.ActiveCfg = Release|Any CPU
		{746C2DE0-9EDA-4162-AC18-3077BED23EFD}.Release|Any CPU.Build.0 = Release|Any CPU
		{6EC4BE05-6E68-424B-BADB-C7E4F61B5810}.Debug|Any CPU.ActiveCfg = Debug|Any CPU
		{6EC4BE05-6E68-424B-BADB-C7E4F61B5810}.Debug|Any CPU.Build.0 = Debug|Any CPU
		{6EC4BE05-6E68-424B-BADB-C7E4F61B5810}.Release|Any CPU.ActiveCfg = Release|Any CPU
		{6EC4BE05-6E68-424B-BADB-C7E4F61B5810}.Release|Any CPU.Build.0 = Release|Any CPU
	EndGlobalSection
EndGlobal
